
Microsoft Visual Studio Solution File, Format Version 12.00
# Visual Studio 2013
VisualStudioVersion = 12.0.30324.0
MinimumVisualStudioVersion = 10.0.40219.1
Project("{FAE04EC0-301F-11D3-BF4B-00C04F79EFBC}") = "RapidPrototypingMVC5Examples", "RapidPrototypingMVC5Examples\RapidPrototypingMVC5Examples.csproj", "{ECBA1ECC-94EE-45A6-B9D9-A3CBB202D744}"
EndProject
Project("{2150E333-8FDC-42A3-9474-1A3956D46DE8}") = ".nuget", ".nuget", "{24052C09-882B-4EF0-B215-3E5C2C3564FD}"
	ProjectSection(SolutionItems) = preProject
		.nuget\NuGet.Config = .nuget\NuGet.Config
		.nuget\NuGet.exe = .nuget\NuGet.exe
		.nuget\NuGet.targets = .nuget\NuGet.targets
	EndProjectSection
EndProject
Global
	GlobalSection(SolutionConfigurationPlatforms) = preSolution
		Debug|Any CPU = Debug|Any CPU
		Release|Any CPU = Release|Any CPU
	EndGlobalSection
	GlobalSection(ProjectConfigurationPlatforms) = postSolution
		{ECBA1ECC-94EE-45A6-B9D9-A3CBB202D744}.Debug|Any CPU.ActiveCfg = Debug|Any CPU
		{ECBA1ECC-94EE-45A6-B9D9-A3CBB202D744}.Debug|Any CPU.Build.0 = Debug|Any CPU
		{ECBA1ECC-94EE-45A6-B9D9-A3CBB202D744}.Release|Any CPU.ActiveCfg = Release|Any CPU
		{ECBA1ECC-94EE-45A6-B9D9-A3CBB202D744}.Release|Any CPU.Build.0 = Release|Any CPU
	EndGlobalSection
	GlobalSection(SolutionProperties) = preSolution
		HideSolutionNode = FALSE
	EndGlobalSection
EndGlobal
